
Microsoft Visual Studio Solution File, Format Version 12.00
# Visual Studio Version 16
VisualStudioVersion = 25.0.1704.0
MinimumVisualStudioVersion = 10.0.40219.1
Project("{FAE04EC0-301F-11D3-BF4B-00C04F79EFBC}") = "KeyVDistCacheUnitTest", "KeyVDistCacheUnitTest.csproj", "{1488E678-E09D-4DBE-B0C9-BCB0A7135CE1}"
EndProject
Global
	GlobalSection(SolutionConfigurationPlatforms) = preSolution
		Debug|Any CPU = Debug|Any CPU
		Release|Any CPU = Release|Any CPU
	EndGlobalSection
	GlobalSection(ProjectConfigurationPlatforms) = postSolution
		{1488E678-E09D-4DBE-B0C9-BCB0A7135CE1}.Debug|Any CPU.ActiveCfg = Debug|Any CPU
		{1488E678-E09D-4DBE-B0C9-BCB0A7135CE1}.Debug|Any CPU.Build.0 = Debug|Any CPU
		{1488E678-E09D-4DBE-B0C9-BCB0A7135CE1}.Release|Any CPU.ActiveCfg = Release|Any CPU
		{1488E678-E09D-4DBE-B0C9-BCB0A7135CE1}.Release|Any CPU.Build.0 = Release|Any CPU
	EndGlobalSection
	GlobalSection(SolutionProperties) = preSolution
		HideSolutionNode = FALSE
	EndGlobalSection
	GlobalSection(ExtensibilityGlobals) = postSolution
		SolutionGuid = {02D44530-CA79-4ED5-88F9-D5ACDA66E8C8}
	EndGlobalSection
EndGlobal
